// !$*UTF8*$!
{
	archiveVersion = 1;
	classes = {
	};
	objectVersion = 51;
	objects = {

/* Begin PBXBuildFile section */
		4004728824978CB2001578C5 /* ExploreNoSearchView.swift in Sources */ = {isa = PBXBuildFile; fileRef = 4004728724978CB2001578C5 /* ExploreNoSearchView.swift */; };
		400F104C244F190E009C7598 /* carolina.png in Resources */ = {isa = PBXBuildFile; fileRef = 400F104B244F190E009C7598 /* carolina.png */; };
		400F104E244F1B4F009C7598 /* mira.png in Resources */ = {isa = PBXBuildFile; fileRef = 400F104D244F1B4F009C7598 /* mira.png */; };
		4013AA47245869A300890DD6 /* ExplorePersonGroupToggle.swift in Sources */ = {isa = PBXBuildFile; fileRef = 4013AA46245869A300890DD6 /* ExplorePersonGroupToggle.swift */; };
		4013AA4A2459525500890DD6 /* Group.swift in Sources */ = {isa = PBXBuildFile; fileRef = 4013AA492459525500890DD6 /* Group.swift */; };
		4013AA4E245C995100890DD6 /* ExploreCreateGroupView.swift in Sources */ = {isa = PBXBuildFile; fileRef = 4013AA4D245C995000890DD6 /* ExploreCreateGroupView.swift */; };
		40174905244714890058532B /* basti.jpg in Resources */ = {isa = PBXBuildFile; fileRef = 40174904244714880058532B /* basti.jpg */; };
		404558CC244475F900CF12CD /* AppDelegate.swift in Sources */ = {isa = PBXBuildFile; fileRef = 404558CB244475F900CF12CD /* AppDelegate.swift */; };
		404558CE244475F900CF12CD /* SceneDelegate.swift in Sources */ = {isa = PBXBuildFile; fileRef = 404558CD244475F900CF12CD /* SceneDelegate.swift */; };
		404558D0244475F900CF12CD /* ContentView.swift in Sources */ = {isa = PBXBuildFile; fileRef = 404558CF244475F900CF12CD /* ContentView.swift */; };
		404558D2244475FB00CF12CD /* Assets.xcassets in Resources */ = {isa = PBXBuildFile; fileRef = 404558D1244475FB00CF12CD /* Assets.xcassets */; };
		404558D5244475FB00CF12CD /* Preview Assets.xcassets in Resources */ = {isa = PBXBuildFile; fileRef = 404558D4244475FB00CF12CD /* Preview Assets.xcassets */; };
		404558D8244475FB00CF12CD /* LaunchScreen.storyboard in Resources */ = {isa = PBXBuildFile; fileRef = 404558D6244475FB00CF12CD /* LaunchScreen.storyboard */; };
		404558E4244477BB00CF12CD /* Data.swift in Sources */ = {isa = PBXBuildFile; fileRef = 404558E3244477BB00CF12CD /* Data.swift */; };
		404558EA24447E7C00CF12CD /* Profile.swift in Sources */ = {isa = PBXBuildFile; fileRef = 404558E924447E7C00CF12CD /* Profile.swift */; };
		404558F02444A35E00CF12CD /* appUser.json in Resources */ = {isa = PBXBuildFile; fileRef = 404558EF2444A35D00CF12CD /* appUser.json */; };
		404558F22444BFD700CF12CD /* ProfileDetail.swift in Sources */ = {isa = PBXBuildFile; fileRef = 404558F12444BFD700CF12CD /* ProfileDetail.swift */; };
		404558F42444DFB900CF12CD /* CircleImage.swift in Sources */ = {isa = PBXBuildFile; fileRef = 404558F32444DFB900CF12CD /* CircleImage.swift */; };
		404558F92444E42000CF12CD /* katha.jpg in Resources */ = {isa = PBXBuildFile; fileRef = 404558F52444E41F00CF12CD /* katha.jpg */; };
		404558FA2444E42000CF12CD /* mira.jpg in Resources */ = {isa = PBXBuildFile; fileRef = 404558F62444E41F00CF12CD /* mira.jpg */; };
		404558FB2444E42000CF12CD /* carolina.jpg in Resources */ = {isa = PBXBuildFile; fileRef = 404558F72444E41F00CF12CD /* carolina.jpg */; };
		404558FE244507D100CF12CD /* basti.png in Resources */ = {isa = PBXBuildFile; fileRef = 404558FD244507D100CF12CD /* basti.png */; };
		40455900244507E500CF12CD /* katha.png in Resources */ = {isa = PBXBuildFile; fileRef = 404558FF244507E500CF12CD /* katha.png */; };
		404559022445090700CF12CD /* MapView.swift in Sources */ = {isa = PBXBuildFile; fileRef = 404559012445090700CF12CD /* MapView.swift */; };
		4045590424450BE300CF12CD /* ExploreProfileView.swift in Sources */ = {isa = PBXBuildFile; fileRef = 4045590324450BE300CF12CD /* ExploreProfileView.swift */; };
		404559062445F9D400CF12CD /* ProfileImage.swift in Sources */ = {isa = PBXBuildFile; fileRef = 404559052445F9D400CF12CD /* ProfileImage.swift */; };
		4051B55824519E3400DB2658 /* ExploreSearchButtonView.swift in Sources */ = {isa = PBXBuildFile; fileRef = 4051B55724519E3400DB2658 /* ExploreSearchButtonView.swift */; };
		4051B55A2451BE0500DB2658 /* ExploreView.swift in Sources */ = {isa = PBXBuildFile; fileRef = 4051B5592451BE0500DB2658 /* ExploreView.swift */; };
		4051B55C2452550D00DB2658 /* UserData.swift in Sources */ = {isa = PBXBuildFile; fileRef = 4051B55B2452550D00DB2658 /* UserData.swift */; };
		4051B55E2452687800DB2658 /* ActivityType.swift in Sources */ = {isa = PBXBuildFile; fileRef = 4051B55D2452687800DB2658 /* ActivityType.swift */; };
		405F2BAA24484B09002E44CF /* Extensions.swift in Sources */ = {isa = PBXBuildFile; fileRef = 405F2BA924484B09002E44CF /* Extensions.swift */; };
		405F2BAC24484B56002E44CF /* HelperStructs.swift in Sources */ = {isa = PBXBuildFile; fileRef = 405F2BAB24484B56002E44CF /* HelperStructs.swift */; };
		405F2BAE244E2AC0002E44CF /* ButtonBarView.swift in Sources */ = {isa = PBXBuildFile; fileRef = 405F2BAD244E2AC0002E44CF /* ButtonBarView.swift */; };
		407193D1248A376B00296C83 /* LabelTextStore.swift in Sources */ = {isa = PBXBuildFile; fileRef = 407193D0248A376B00296C83 /* LabelTextStore.swift */; };
		407193D3248A379200296C83 /* LabelText.swift in Sources */ = {isa = PBXBuildFile; fileRef = 407193D2248A379200296C83 /* LabelText.swift */; };
		407193D8248A6F6A00296C83 /* GlobalFunctions.swift in Sources */ = {isa = PBXBuildFile; fileRef = 407193D7248A6F6A00296C83 /* GlobalFunctions.swift */; };
		407193DA248A6F9200296C83 /* GlobalConstants.swift in Sources */ = {isa = PBXBuildFile; fileRef = 407193D9248A6F9200296C83 /* GlobalConstants.swift */; };
		407193DE2490BBD500296C83 /* LoadingView.swift in Sources */ = {isa = PBXBuildFile; fileRef = 407193DD2490BBD500296C83 /* LoadingView.swift */; };
		407193E22490BC1D00296C83 /* SignInView.swift in Sources */ = {isa = PBXBuildFile; fileRef = 407193E12490BC1D00296C83 /* SignInView.swift */; };
		407193E42490BC2900296C83 /* SignUpView.swift in Sources */ = {isa = PBXBuildFile; fileRef = 407193E32490BC2900296C83 /* SignUpView.swift */; };
		407193E82490DE7600296C83 /* LottieView.swift in Sources */ = {isa = PBXBuildFile; fileRef = 407193E72490DE7600296C83 /* LottieView.swift */; };
		407193EA2490DEF300296C83 /* SuccessView.swift in Sources */ = {isa = PBXBuildFile; fileRef = 407193E92490DEF300296C83 /* SuccessView.swift */; };
		407193EE2490E9AE00296C83 /* loading.json in Resources */ = {isa = PBXBuildFile; fileRef = 407193ED2490E9AE00296C83 /* loading.json */; };
		407193F02490EA0200296C83 /* success.json in Resources */ = {isa = PBXBuildFile; fileRef = 407193EF2490EA0200296C83 /* success.json */; };
		407193F22490F1BC00296C83 /* SearchDataContainer.swift in Sources */ = {isa = PBXBuildFile; fileRef = 407193F12490F1BC00296C83 /* SearchDataContainer.swift */; };
		4073983524A2897D004AFB0E /* appGroups.json in Resources */ = {isa = PBXBuildFile; fileRef = 4073983424A2897D004AFB0E /* appGroups.json */; };
		4073983724A28F0A004AFB0E /* freizeit2.jpg in Resources */ = {isa = PBXBuildFile; fileRef = 4073983624A28F0A004AFB0E /* freizeit2.jpg */; };
		4073983924A28F19004AFB0E /* sport.jpg in Resources */ = {isa = PBXBuildFile; fileRef = 4073983824A28F18004AFB0E /* sport.jpg */; };
		4073983B24A28F42004AFB0E /* essen.jpg in Resources */ = {isa = PBXBuildFile; fileRef = 4073983A24A28F42004AFB0E /* essen.jpg */; };
		4073983D24A28FEA004AFB0E /* essen2.jpg in Resources */ = {isa = PBXBuildFile; fileRef = 4073983C24A28FEA004AFB0E /* essen2.jpg */; };
		408705A9249A10A10065B33A /* GroupDataContainer.swift in Sources */ = {isa = PBXBuildFile; fileRef = 408705A8249A10A10065B33A /* GroupDataContainer.swift */; };
		408705AB249A11480065B33A /* Settings.swift in Sources */ = {isa = PBXBuildFile; fileRef = 408705AA249A11480065B33A /* Settings.swift */; };
		408705AF249CB0470065B33A /* UserDetailsView.swift in Sources */ = {isa = PBXBuildFile; fileRef = 408705AE249CB0470065B33A /* UserDetailsView.swift */; };
		408705B1249CFDA60065B33A /* UserDetailsViewer.swift in Sources */ = {isa = PBXBuildFile; fileRef = 408705B0249CFDA60065B33A /* UserDetailsViewer.swift */; };
		408705B3249F85FD0065B33A /* ExploreCreateNewGroupView.swift in Sources */ = {isa = PBXBuildFile; fileRef = 408705B2249F85FC0065B33A /* ExploreCreateNewGroupView.swift */; };
		408705B524A10C8C0065B33A /* ExploreGroupView.swift in Sources */ = {isa = PBXBuildFile; fileRef = 408705B424A10C8C0065B33A /* ExploreGroupView.swift */; };
		408705B724A10CD50065B33A /* GroupListView.swift in Sources */ = {isa = PBXBuildFile; fileRef = 408705B624A10CD50065B33A /* GroupListView.swift */; };
		4087717E2468AEB500B9CADB /* GroupDetail.swift in Sources */ = {isa = PBXBuildFile; fileRef = 4087717D2468AEB500B9CADB /* GroupDetail.swift */; };
		408771812469602400B9CADB /* SearchView.swift in Sources */ = {isa = PBXBuildFile; fileRef = 408771802469602400B9CADB /* SearchView.swift */; };
		40877183246AA36800B9CADB /* KeyboardGuardian.swift in Sources */ = {isa = PBXBuildFile; fileRef = 40877182246AA36800B9CADB /* KeyboardGuardian.swift */; };
		40B14D352455BC460027B242 /* GoogleService-Info.plist in Resources */ = {isa = PBXBuildFile; fileRef = 40B14D342455BC460027B242 /* GoogleService-Info.plist */; };
		40EF4A462461563D0072752B /* PagerView.swift in Sources */ = {isa = PBXBuildFile; fileRef = 40EF4A452461563D0072752B /* PagerView.swift */; };
		FA4B32CFDF863682875A8981 /* Pods_twentyfour.framework in Frameworks */ = {isa = PBXBuildFile; fileRef = 2F7DEEAD7D4A7784A646F7A9 /* Pods_twentyfour.framework */; };
/* End PBXBuildFile section */

/* Begin PBXFileReference section */
		1EF491E7C38552EE83EFE752 /* Pods-twentyfour.release.xcconfig */ = {isa = PBXFileReference; includeInIndex = 1; lastKnownFileType = text.xcconfig; name = "Pods-twentyfour.release.xcconfig"; path = "Target Support Files/Pods-twentyfour/Pods-twentyfour.release.xcconfig"; sourceTree = "<group>"; };
		2F7DEEAD7D4A7784A646F7A9 /* Pods_twentyfour.framework */ = {isa = PBXFileReference; explicitFileType = wrapper.framework; includeInIndex = 0; path = Pods_twentyfour.framework; sourceTree = BUILT_PRODUCTS_DIR; };
		4004728724978CB2001578C5 /* ExploreNoSearchView.swift */ = {isa = PBXFileReference; lastKnownFileType = sourcecode.swift; path = ExploreNoSearchView.swift; sourceTree = "<group>"; };
		400F104B244F190E009C7598 /* carolina.png */ = {isa = PBXFileReference; lastKnownFileType = image.png; path = carolina.png; sourceTree = "<group>"; };
		400F104D244F1B4F009C7598 /* mira.png */ = {isa = PBXFileReference; lastKnownFileType = image.png; name = mira.png; path = ../../../../Desktop/together_squares/mira.png; sourceTree = "<group>"; };
		4013AA46245869A300890DD6 /* ExplorePersonGroupToggle.swift */ = {isa = PBXFileReference; lastKnownFileType = sourcecode.swift; path = ExplorePersonGroupToggle.swift; sourceTree = "<group>"; };
		4013AA492459525500890DD6 /* Group.swift */ = {isa = PBXFileReference; lastKnownFileType = sourcecode.swift; path = Group.swift; sourceTree = "<group>"; };
		4013AA4D245C995000890DD6 /* ExploreCreateGroupView.swift */ = {isa = PBXFileReference; lastKnownFileType = sourcecode.swift; path = ExploreCreateGroupView.swift; sourceTree = "<group>"; };
		40174904244714880058532B /* basti.jpg */ = {isa = PBXFileReference; lastKnownFileType = image.jpeg; name = basti.jpg; path = ../../../../Desktop/together_squares/basti.jpg; sourceTree = "<group>"; };
		404558C8244475F900CF12CD /* twentyfour.app */ = {isa = PBXFileReference; explicitFileType = wrapper.application; includeInIndex = 0; path = twentyfour.app; sourceTree = BUILT_PRODUCTS_DIR; };
		404558CB244475F900CF12CD /* AppDelegate.swift */ = {isa = PBXFileReference; lastKnownFileType = sourcecode.swift; path = AppDelegate.swift; sourceTree = "<group>"; };
		404558CD244475F900CF12CD /* SceneDelegate.swift */ = {isa = PBXFileReference; lastKnownFileType = sourcecode.swift; path = SceneDelegate.swift; sourceTree = "<group>"; };
		404558CF244475F900CF12CD /* ContentView.swift */ = {isa = PBXFileReference; lastKnownFileType = sourcecode.swift; path = ContentView.swift; sourceTree = "<group>"; };
		404558D1244475FB00CF12CD /* Assets.xcassets */ = {isa = PBXFileReference; lastKnownFileType = folder.assetcatalog; path = Assets.xcassets; sourceTree = "<group>"; };
		404558D4244475FB00CF12CD /* Preview Assets.xcassets */ = {isa = PBXFileReference; lastKnownFileType = folder.assetcatalog; path = "Preview Assets.xcassets"; sourceTree = "<group>"; };
		404558D7244475FB00CF12CD /* Base */ = {isa = PBXFileReference; lastKnownFileType = file.storyboard; name = Base; path = Base.lproj/LaunchScreen.storyboard; sourceTree = "<group>"; };
		404558D9244475FB00CF12CD /* Info.plist */ = {isa = PBXFileReference; lastKnownFileType = text.plist.xml; path = Info.plist; sourceTree = "<group>"; };
		404558E3244477BB00CF12CD /* Data.swift */ = {isa = PBXFileReference; lastKnownFileType = sourcecode.swift; path = Data.swift; sourceTree = "<group>"; };
		404558E924447E7C00CF12CD /* Profile.swift */ = {isa = PBXFileReference; lastKnownFileType = sourcecode.swift; path = Profile.swift; sourceTree = "<group>"; };
		404558EF2444A35D00CF12CD /* appUser.json */ = {isa = PBXFileReference; lastKnownFileType = text.json; path = appUser.json; sourceTree = "<group>"; };
		404558F12444BFD700CF12CD /* ProfileDetail.swift */ = {isa = PBXFileReference; lastKnownFileType = sourcecode.swift; path = ProfileDetail.swift; sourceTree = "<group>"; };
		404558F32444DFB900CF12CD /* CircleImage.swift */ = {isa = PBXFileReference; lastKnownFileType = sourcecode.swift; path = CircleImage.swift; sourceTree = "<group>"; };
		404558F52444E41F00CF12CD /* katha.jpg */ = {isa = PBXFileReference; lastKnownFileType = image.jpeg; path = katha.jpg; sourceTree = "<group>"; };
		404558F62444E41F00CF12CD /* mira.jpg */ = {isa = PBXFileReference; lastKnownFileType = image.jpeg; path = mira.jpg; sourceTree = "<group>"; };
		404558F72444E41F00CF12CD /* carolina.jpg */ = {isa = PBXFileReference; lastKnownFileType = image.jpeg; path = carolina.jpg; sourceTree = "<group>"; };
		404558FD244507D100CF12CD /* basti.png */ = {isa = PBXFileReference; lastKnownFileType = image.png; path = basti.png; sourceTree = "<group>"; };
		404558FF244507E500CF12CD /* katha.png */ = {isa = PBXFileReference; lastKnownFileType = image.png; path = katha.png; sourceTree = "<group>"; };
		404559012445090700CF12CD /* MapView.swift */ = {isa = PBXFileReference; lastKnownFileType = sourcecode.swift; path = MapView.swift; sourceTree = "<group>"; };
		4045590324450BE300CF12CD /* ExploreProfileView.swift */ = {isa = PBXFileReference; lastKnownFileType = sourcecode.swift; path = ExploreProfileView.swift; sourceTree = "<group>"; };
		404559052445F9D400CF12CD /* ProfileImage.swift */ = {isa = PBXFileReference; lastKnownFileType = sourcecode.swift; path = ProfileImage.swift; sourceTree = "<group>"; };
		4051B55724519E3400DB2658 /* ExploreSearchButtonView.swift */ = {isa = PBXFileReference; lastKnownFileType = sourcecode.swift; path = ExploreSearchButtonView.swift; sourceTree = "<group>"; };
		4051B5592451BE0500DB2658 /* ExploreView.swift */ = {isa = PBXFileReference; lastKnownFileType = sourcecode.swift; path = ExploreView.swift; sourceTree = "<group>"; };
		4051B55B2452550D00DB2658 /* UserData.swift */ = {isa = PBXFileReference; lastKnownFileType = sourcecode.swift; path = UserData.swift; sourceTree = "<group>"; };
		4051B55D2452687800DB2658 /* ActivityType.swift */ = {isa = PBXFileReference; lastKnownFileType = sourcecode.swift; path = ActivityType.swift; sourceTree = "<group>"; };
		405F2BA924484B09002E44CF /* Extensions.swift */ = {isa = PBXFileReference; lastKnownFileType = sourcecode.swift; path = Extensions.swift; sourceTree = "<group>"; };
		405F2BAB24484B56002E44CF /* HelperStructs.swift */ = {isa = PBXFileReference; lastKnownFileType = sourcecode.swift; path = HelperStructs.swift; sourceTree = "<group>"; };
		405F2BAD244E2AC0002E44CF /* ButtonBarView.swift */ = {isa = PBXFileReference; lastKnownFileType = sourcecode.swift; path = ButtonBarView.swift; sourceTree = "<group>"; };
		407193D0248A376B00296C83 /* LabelTextStore.swift */ = {isa = PBXFileReference; lastKnownFileType = sourcecode.swift; path = LabelTextStore.swift; sourceTree = "<group>"; };
		407193D2248A379200296C83 /* LabelText.swift */ = {isa = PBXFileReference; lastKnownFileType = sourcecode.swift; path = LabelText.swift; sourceTree = "<group>"; };
		407193D7248A6F6A00296C83 /* GlobalFunctions.swift */ = {isa = PBXFileReference; lastKnownFileType = sourcecode.swift; path = GlobalFunctions.swift; sourceTree = "<group>"; };
		407193D9248A6F9200296C83 /* GlobalConstants.swift */ = {isa = PBXFileReference; lastKnownFileType = sourcecode.swift; path = GlobalConstants.swift; sourceTree = "<group>"; };
		407193DD2490BBD500296C83 /* LoadingView.swift */ = {isa = PBXFileReference; lastKnownFileType = sourcecode.swift; path = LoadingView.swift; sourceTree = "<group>"; };
		407193E12490BC1D00296C83 /* SignInView.swift */ = {isa = PBXFileReference; lastKnownFileType = sourcecode.swift; path = SignInView.swift; sourceTree = "<group>"; };
		407193E32490BC2900296C83 /* SignUpView.swift */ = {isa = PBXFileReference; lastKnownFileType = sourcecode.swift; path = SignUpView.swift; sourceTree = "<group>"; };
		407193E72490DE7600296C83 /* LottieView.swift */ = {isa = PBXFileReference; lastKnownFileType = sourcecode.swift; path = LottieView.swift; sourceTree = "<group>"; };
		407193E92490DEF300296C83 /* SuccessView.swift */ = {isa = PBXFileReference; lastKnownFileType = sourcecode.swift; path = SuccessView.swift; sourceTree = "<group>"; };
		407193ED2490E9AE00296C83 /* loading.json */ = {isa = PBXFileReference; fileEncoding = 4; lastKnownFileType = text.json; path = loading.json; sourceTree = "<group>"; };
		407193EF2490EA0200296C83 /* success.json */ = {isa = PBXFileReference; fileEncoding = 4; lastKnownFileType = text.json; path = success.json; sourceTree = "<group>"; };
		407193F12490F1BC00296C83 /* SearchDataContainer.swift */ = {isa = PBXFileReference; lastKnownFileType = sourcecode.swift; path = SearchDataContainer.swift; sourceTree = "<group>"; };
		4073983424A2897D004AFB0E /* appGroups.json */ = {isa = PBXFileReference; lastKnownFileType = text.json; path = appGroups.json; sourceTree = "<group>"; };
		4073983624A28F0A004AFB0E /* freizeit2.jpg */ = {isa = PBXFileReference; lastKnownFileType = image.jpeg; name = freizeit2.jpg; path = twentyfour/Assets.xcassets/freizeit2.imageset/freizeit2.jpg; sourceTree = SOURCE_ROOT; };
		4073983824A28F18004AFB0E /* sport.jpg */ = {isa = PBXFileReference; lastKnownFileType = image.jpeg; name = sport.jpg; path = twentyfour/Assets.xcassets/sport.imageset/sport.jpg; sourceTree = SOURCE_ROOT; };
		4073983A24A28F42004AFB0E /* essen.jpg */ = {isa = PBXFileReference; lastKnownFileType = image.jpeg; name = essen.jpg; path = twentyfour/Assets.xcassets/essen.imageset/essen.jpg; sourceTree = SOURCE_ROOT; };
		4073983C24A28FEA004AFB0E /* essen2.jpg */ = {isa = PBXFileReference; lastKnownFileType = image.jpeg; path = essen2.jpg; sourceTree = "<group>"; };
		408705A8249A10A10065B33A /* GroupDataContainer.swift */ = {isa = PBXFileReference; lastKnownFileType = sourcecode.swift; path = GroupDataContainer.swift; sourceTree = "<group>"; };
		408705AA249A11480065B33A /* Settings.swift */ = {isa = PBXFileReference; lastKnownFileType = sourcecode.swift; path = Settings.swift; sourceTree = "<group>"; };
		408705AE249CB0470065B33A /* UserDetailsView.swift */ = {isa = PBXFileReference; lastKnownFileType = sourcecode.swift; path = UserDetailsView.swift; sourceTree = "<group>"; };
		408705B0249CFDA60065B33A /* UserDetailsViewer.swift */ = {isa = PBXFileReference; lastKnownFileType = sourcecode.swift; path = UserDetailsViewer.swift; sourceTree = "<group>"; };
		408705B2249F85FC0065B33A /* ExploreCreateNewGroupView.swift */ = {isa = PBXFileReference; lastKnownFileType = sourcecode.swift; path = ExploreCreateNewGroupView.swift; sourceTree = "<group>"; };
		408705B424A10C8C0065B33A /* ExploreGroupView.swift */ = {isa = PBXFileReference; lastKnownFileType = sourcecode.swift; path = ExploreGroupView.swift; sourceTree = "<group>"; };
		408705B624A10CD50065B33A /* GroupListView.swift */ = {isa = PBXFileReference; lastKnownFileType = sourcecode.swift; path = GroupListView.swift; sourceTree = "<group>"; };
		4087717D2468AEB500B9CADB /* GroupDetail.swift */ = {isa = PBXFileReference; lastKnownFileType = sourcecode.swift; path = GroupDetail.swift; sourceTree = "<group>"; };
		408771802469602400B9CADB /* SearchView.swift */ = {isa = PBXFileReference; lastKnownFileType = sourcecode.swift; path = SearchView.swift; sourceTree = "<group>"; };
		40877182246AA36800B9CADB /* KeyboardGuardian.swift */ = {isa = PBXFileReference; lastKnownFileType = sourcecode.swift; path = KeyboardGuardian.swift; sourceTree = "<group>"; };
		40B14D342455BC460027B242 /* GoogleService-Info.plist */ = {isa = PBXFileReference; fileEncoding = 4; lastKnownFileType = text.plist.xml; path = "GoogleService-Info.plist"; sourceTree = "<group>"; };
		40EF4A452461563D0072752B /* PagerView.swift */ = {isa = PBXFileReference; lastKnownFileType = sourcecode.swift; path = PagerView.swift; sourceTree = "<group>"; };
		623159FD19D20559FA45FAF3 /* Pods-twentyfour.debug.xcconfig */ = {isa = PBXFileReference; includeInIndex = 1; lastKnownFileType = text.xcconfig; name = "Pods-twentyfour.debug.xcconfig"; path = "Target Support Files/Pods-twentyfour/Pods-twentyfour.debug.xcconfig"; sourceTree = "<group>"; };
/* End PBXFileReference section */

/* Begin PBXFrameworksBuildPhase section */
		404558C5244475F900CF12CD /* Frameworks */ = {
			isa = PBXFrameworksBuildPhase;
			buildActionMask = 2147483647;
			files = (
				FA4B32CFDF863682875A8981 /* Pods_twentyfour.framework in Frameworks */,
			);
			runOnlyForDeploymentPostprocessing = 0;
		};
/* End PBXFrameworksBuildPhase section */

/* Begin PBXGroup section */
		1EF7DD87235505010CC39610 /* Frameworks */ = {
			isa = PBXGroup;
			children = (
				2F7DEEAD7D4A7784A646F7A9 /* Pods_twentyfour.framework */,
			);
			name = Frameworks;
			sourceTree = "<group>";
		};
		4013AA482458930400890DD6 /* Explore */ = {
			isa = PBXGroup;
			children = (
				4051B5592451BE0500DB2658 /* ExploreView.swift */,
				4004728724978CB2001578C5 /* ExploreNoSearchView.swift */,
				4051B55724519E3400DB2658 /* ExploreSearchButtonView.swift */,
				4073983224A27712004AFB0E /* Users */,
				4073983324A27727004AFB0E /* Groups */,
			);
			path = Explore;
			sourceTree = "<group>";
		};
		404558BF244475F900CF12CD = {
			isa = PBXGroup;
			children = (
				404558CA244475F900CF12CD /* twentyfour */,
				404558C9244475F900CF12CD /* Products */,
				4D9657EC091D28A9B78A974C /* Pods */,
				1EF7DD87235505010CC39610 /* Frameworks */,
			);
			sourceTree = "<group>";
		};
		404558C9244475F900CF12CD /* Products */ = {
			isa = PBXGroup;
			children = (
				404558C8244475F900CF12CD /* twentyfour.app */,
			);
			name = Products;
			sourceTree = "<group>";
		};
		404558CA244475F900CF12CD /* twentyfour */ = {
			isa = PBXGroup;
			children = (
				407193EC2490E99F00296C83 /* Lottie */,
				404558D9244475FB00CF12CD /* Info.plist */,
				404558CB244475F900CF12CD /* AppDelegate.swift */,
				404558CD244475F900CF12CD /* SceneDelegate.swift */,
				404558E0244476A600CF12CD /* Models */,
				407193DB248A6FB000296C83 /* Views */,
				407193CF248A374900296C83 /* Utils */,
				404558E2244476BB00CF12CD /* Resources */,
				404558D6244475FB00CF12CD /* LaunchScreen.storyboard */,
				404558D1244475FB00CF12CD /* Assets.xcassets */,
				40B14D342455BC460027B242 /* GoogleService-Info.plist */,
				404558D3244475FB00CF12CD /* Preview Content */,
			);
			path = twentyfour;
			sourceTree = "<group>";
		};
		404558D3244475FB00CF12CD /* Preview Content */ = {
			isa = PBXGroup;
			children = (
				404558D4244475FB00CF12CD /* Preview Assets.xcassets */,
			);
			path = "Preview Content";
			sourceTree = "<group>";
		};
		404558DF2444769D00CF12CD /* Home */ = {
			isa = PBXGroup;
			children = (
				404558CF244475F900CF12CD /* ContentView.swift */,
				405F2BAD244E2AC0002E44CF /* ButtonBarView.swift */,
			);
			path = Home;
			sourceTree = "<group>";
		};
		404558E0244476A600CF12CD /* Models */ = {
			isa = PBXGroup;
			children = (
				404558E924447E7C00CF12CD /* Profile.swift */,
				4013AA492459525500890DD6 /* Group.swift */,
				4051B55D2452687800DB2658 /* ActivityType.swift */,
				404558E3244477BB00CF12CD /* Data.swift */,
				407193D2248A379200296C83 /* LabelText.swift */,
				4051B55B2452550D00DB2658 /* UserData.swift */,
				407193F12490F1BC00296C83 /* SearchDataContainer.swift */,
				408705A8249A10A10065B33A /* GroupDataContainer.swift */,
				408705AA249A11480065B33A /* Settings.swift */,
			);
			path = Models;
			sourceTree = "<group>";
		};
		404558E1244476B000CF12CD /* Supporting Views */ = {
			isa = PBXGroup;
			children = (
				404558F32444DFB900CF12CD /* CircleImage.swift */,
				404559012445090700CF12CD /* MapView.swift */,
				40EF4A452461563D0072752B /* PagerView.swift */,
				407193E72490DE7600296C83 /* LottieView.swift */,
				407193DD2490BBD500296C83 /* LoadingView.swift */,
				407193E92490DEF300296C83 /* SuccessView.swift */,
			);
			path = "Supporting Views";
			sourceTree = "<group>";
		};
		404558E2244476BB00CF12CD /* Resources */ = {
			isa = PBXGroup;
			children = (
				404558EF2444A35D00CF12CD /* appUser.json */,
				4073983424A2897D004AFB0E /* appGroups.json */,
				40174904244714880058532B /* basti.jpg */,
				404558FD244507D100CF12CD /* basti.png */,
				404558F72444E41F00CF12CD /* carolina.jpg */,
				400F104B244F190E009C7598 /* carolina.png */,
				404558FF244507E500CF12CD /* katha.png */,
				404558F52444E41F00CF12CD /* katha.jpg */,
				400F104D244F1B4F009C7598 /* mira.png */,
				404558F62444E41F00CF12CD /* mira.jpg */,
				4073983624A28F0A004AFB0E /* freizeit2.jpg */,
				4073983824A28F18004AFB0E /* sport.jpg */,
				4073983A24A28F42004AFB0E /* essen.jpg */,
				4073983C24A28FEA004AFB0E /* essen2.jpg */,
			);
			path = Resources;
			sourceTree = "<group>";
		};
		404558E524447DA600CF12CD /* Profie */ = {
			isa = PBXGroup;
			children = (
				404558F12444BFD700CF12CD /* ProfileDetail.swift */,
				404559052445F9D400CF12CD /* ProfileImage.swift */,
				408705AE249CB0470065B33A /* UserDetailsView.swift */,
				408705B0249CFDA60065B33A /* UserDetailsViewer.swift */,
			);
			path = Profie;
			sourceTree = "<group>";
		};
		407193CF248A374900296C83 /* Utils */ = {
			isa = PBXGroup;
			children = (
				40877182246AA36800B9CADB /* KeyboardGuardian.swift */,
				407193D0248A376B00296C83 /* LabelTextStore.swift */,
				405F2BA924484B09002E44CF /* Extensions.swift */,
				405F2BAB24484B56002E44CF /* HelperStructs.swift */,
				407193D7248A6F6A00296C83 /* GlobalFunctions.swift */,
				407193D9248A6F9200296C83 /* GlobalConstants.swift */,
			);
			path = Utils;
			sourceTree = "<group>";
		};
		407193DB248A6FB000296C83 /* Views */ = {
			isa = PBXGroup;
			children = (
				407193DC2490BB7000296C83 /* Authentication */,
				404558DF2444769D00CF12CD /* Home */,
				4087717F2469601000B9CADB /* Search */,
				4013AA482458930400890DD6 /* Explore */,
				4087717C2468AE9200B9CADB /* Group */,
				404558E524447DA600CF12CD /* Profie */,
				404558E1244476B000CF12CD /* Supporting Views */,
				407193EB2490E0FB00296C83 /* Reflect */,
			);
			path = Views;
			sourceTree = "<group>";
		};
		407193DC2490BB7000296C83 /* Authentication */ = {
			isa = PBXGroup;
			children = (
				407193E12490BC1D00296C83 /* SignInView.swift */,
				407193E32490BC2900296C83 /* SignUpView.swift */,
			);
			path = Authentication;
			sourceTree = "<group>";
		};
		407193EB2490E0FB00296C83 /* Reflect */ = {
			isa = PBXGroup;
			children = (
				4013AA46245869A300890DD6 /* ExplorePersonGroupToggle.swift */,
			);
			path = Reflect;
			sourceTree = "<group>";
		};
		407193EC2490E99F00296C83 /* Lottie */ = {
			isa = PBXGroup;
			children = (
				407193ED2490E9AE00296C83 /* loading.json */,
				407193EF2490EA0200296C83 /* success.json */,
			);
			path = Lottie;
			sourceTree = "<group>";
		};
		4073983224A27712004AFB0E /* Users */ = {
			isa = PBXGroup;
			children = (
				4045590324450BE300CF12CD /* ExploreProfileView.swift */,
				4013AA4D245C995000890DD6 /* ExploreCreateGroupView.swift */,
				408705B2249F85FC0065B33A /* ExploreCreateNewGroupView.swift */,
			);
			path = Users;
			sourceTree = "<group>";
		};
		4073983324A27727004AFB0E /* Groups */ = {
			isa = PBXGroup;
			children = (
				408705B424A10C8C0065B33A /* ExploreGroupView.swift */,
			);
			path = Groups;
			sourceTree = "<group>";
		};
		4087717C2468AE9200B9CADB /* Group */ = {
			isa = PBXGroup;
			children = (
				4087717D2468AEB500B9CADB /* GroupDetail.swift */,
				408705B624A10CD50065B33A /* GroupListView.swift */,
			);
			path = Group;
			sourceTree = "<group>";
		};
		4087717F2469601000B9CADB /* Search */ = {
			isa = PBXGroup;
			children = (
				408771802469602400B9CADB /* SearchView.swift */,
			);
			path = Search;
			sourceTree = "<group>";
		};
		4D9657EC091D28A9B78A974C /* Pods */ = {
			isa = PBXGroup;
			children = (
				623159FD19D20559FA45FAF3 /* Pods-twentyfour.debug.xcconfig */,
				1EF491E7C38552EE83EFE752 /* Pods-twentyfour.release.xcconfig */,
			);
			path = Pods;
			sourceTree = "<group>";
		};
/* End PBXGroup section */

/* Begin PBXNativeTarget section */
		404558C7244475F900CF12CD /* twentyfour */ = {
			isa = PBXNativeTarget;
			buildConfigurationList = 404558DC244475FB00CF12CD /* Build configuration list for PBXNativeTarget "twentyfour" */;
			buildPhases = (
				8436DB5B596AA094274B58D1 /* [CP] Check Pods Manifest.lock */,
				404558C4244475F900CF12CD /* Sources */,
				404558C5244475F900CF12CD /* Frameworks */,
				404558C6244475F900CF12CD /* Resources */,
				5E5F87EF0A2E73BBA22EE26B /* [CP] Embed Pods Frameworks */,
			);
			buildRules = (
			);
			dependencies = (
			);
			name = twentyfour;
			productName = twentyfour;
			productReference = 404558C8244475F900CF12CD /* twentyfour.app */;
			productType = "com.apple.product-type.application";
		};
/* End PBXNativeTarget section */

/* Begin PBXProject section */
		404558C0244475F900CF12CD /* Project object */ = {
			isa = PBXProject;
			attributes = {
				LastSwiftUpdateCheck = 1140;
				LastUpgradeCheck = 1140;
				ORGANIZATIONNAME = "Sebastian Fox";
				TargetAttributes = {
					404558C7244475F900CF12CD = {
						CreatedOnToolsVersion = 11.4;
					};
				};
			};
			buildConfigurationList = 404558C3244475F900CF12CD /* Build configuration list for PBXProject "twentyfour" */;
			compatibilityVersion = "Xcode 9.3";
			developmentRegion = en;
			hasScannedForEncodings = 0;
			knownRegions = (
				en,
				Base,
			);
			mainGroup = 404558BF244475F900CF12CD;
			productRefGroup = 404558C9244475F900CF12CD /* Products */;
			projectDirPath = "";
			projectRoot = "";
			targets = (
				404558C7244475F900CF12CD /* twentyfour */,
			);
		};
/* End PBXProject section */

/* Begin PBXResourcesBuildPhase section */
		404558C6244475F900CF12CD /* Resources */ = {
			isa = PBXResourcesBuildPhase;
			buildActionMask = 2147483647;
			files = (
				400F104C244F190E009C7598 /* carolina.png in Resources */,
				404558F02444A35E00CF12CD /* appUser.json in Resources */,
				404558F92444E42000CF12CD /* katha.jpg in Resources */,
				404558FA2444E42000CF12CD /* mira.jpg in Resources */,
				4073983B24A28F42004AFB0E /* essen.jpg in Resources */,
				407193EE2490E9AE00296C83 /* loading.json in Resources */,
				407193F02490EA0200296C83 /* success.json in Resources */,
				404558D8244475FB00CF12CD /* LaunchScreen.storyboard in Resources */,
				4073983724A28F0A004AFB0E /* freizeit2.jpg in Resources */,
				404558D5244475FB00CF12CD /* Preview Assets.xcassets in Resources */,
				404558FB2444E42000CF12CD /* carolina.jpg in Resources */,
				4073983924A28F19004AFB0E /* sport.jpg in Resources */,
				404558FE244507D100CF12CD /* basti.png in Resources */,
				4073983D24A28FEA004AFB0E /* essen2.jpg in Resources */,
				400F104E244F1B4F009C7598 /* mira.png in Resources */,
				40B14D352455BC460027B242 /* GoogleService-Info.plist in Resources */,
				40455900244507E500CF12CD /* katha.png in Resources */,
				404558D2244475FB00CF12CD /* Assets.xcassets in Resources */,
				40174905244714890058532B /* basti.jpg in Resources */,
				4073983524A2897D004AFB0E /* appGroups.json in Resources */,
			);
			runOnlyForDeploymentPostprocessing = 0;
		};
/* End PBXResourcesBuildPhase section */

/* Begin PBXShellScriptBuildPhase section */
		5E5F87EF0A2E73BBA22EE26B /* [CP] Embed Pods Frameworks */ = {
			isa = PBXShellScriptBuildPhase;
			buildActionMask = 2147483647;
			files = (
			);
			inputFileListPaths = (
				"${PODS_ROOT}/Target Support Files/Pods-twentyfour/Pods-twentyfour-frameworks-${CONFIGURATION}-input-files.xcfilelist",
			);
			name = "[CP] Embed Pods Frameworks";
			outputFileListPaths = (
				"${PODS_ROOT}/Target Support Files/Pods-twentyfour/Pods-twentyfour-frameworks-${CONFIGURATION}-output-files.xcfilelist",
			);
			runOnlyForDeploymentPostprocessing = 0;
			shellPath = /bin/sh;
			shellScript = "\"${PODS_ROOT}/Target Support Files/Pods-twentyfour/Pods-twentyfour-frameworks.sh\"\n";
			showEnvVarsInLog = 0;
		};
		8436DB5B596AA094274B58D1 /* [CP] Check Pods Manifest.lock */ = {
			isa = PBXShellScriptBuildPhase;
			buildActionMask = 2147483647;
			files = (
			);
			inputFileListPaths = (
			);
			inputPaths = (
				"${PODS_PODFILE_DIR_PATH}/Podfile.lock",
				"${PODS_ROOT}/Manifest.lock",
			);
			name = "[CP] Check Pods Manifest.lock";
			outputFileListPaths = (
			);
			outputPaths = (
				"$(DERIVED_FILE_DIR)/Pods-twentyfour-checkManifestLockResult.txt",
			);
			runOnlyForDeploymentPostprocessing = 0;
			shellPath = /bin/sh;
			shellScript = "diff \"${PODS_PODFILE_DIR_PATH}/Podfile.lock\" \"${PODS_ROOT}/Manifest.lock\" > /dev/null\nif [ $? != 0 ] ; then\n    # print error to STDERR\n    echo \"error: The sandbox is not in sync with the Podfile.lock. Run 'pod install' or update your CocoaPods installation.\" >&2\n    exit 1\nfi\n# This output is used by Xcode 'outputs' to avoid re-running this script phase.\necho \"SUCCESS\" > \"${SCRIPT_OUTPUT_FILE_0}\"\n";
			showEnvVarsInLog = 0;
		};
/* End PBXShellScriptBuildPhase section */

/* Begin PBXSourcesBuildPhase section */
		404558C4244475F900CF12CD /* Sources */ = {
			isa = PBXSourcesBuildPhase;
			buildActionMask = 2147483647;
			files = (
				408705AF249CB0470065B33A /* UserDetailsView.swift in Sources */,
				4013AA4E245C995100890DD6 /* ExploreCreateGroupView.swift in Sources */,
				4004728824978CB2001578C5 /* ExploreNoSearchView.swift in Sources */,
				40877183246AA36800B9CADB /* KeyboardGuardian.swift in Sources */,
				404559062445F9D400CF12CD /* ProfileImage.swift in Sources */,
				407193D3248A379200296C83 /* LabelText.swift in Sources */,
				4051B55C2452550D00DB2658 /* UserData.swift in Sources */,
				407193D8248A6F6A00296C83 /* GlobalFunctions.swift in Sources */,
				407193D1248A376B00296C83 /* LabelTextStore.swift in Sources */,
				407193F22490F1BC00296C83 /* SearchDataContainer.swift in Sources */,
				4013AA4A2459525500890DD6 /* Group.swift in Sources */,
				404558CC244475F900CF12CD /* AppDelegate.swift in Sources */,
				4051B55824519E3400DB2658 /* ExploreSearchButtonView.swift in Sources */,
				404558F22444BFD700CF12CD /* ProfileDetail.swift in Sources */,
				408771812469602400B9CADB /* SearchView.swift in Sources */,
				4087717E2468AEB500B9CADB /* GroupDetail.swift in Sources */,
				408705B724A10CD50065B33A /* GroupListView.swift in Sources */,
				405F2BAC24484B56002E44CF /* HelperStructs.swift in Sources */,
				407193E22490BC1D00296C83 /* SignInView.swift in Sources */,
				4045590424450BE300CF12CD /* ExploreProfileView.swift in Sources */,
				408705AB249A11480065B33A /* Settings.swift in Sources */,
				407193E42490BC2900296C83 /* SignUpView.swift in Sources */,
				404558CE244475F900CF12CD /* SceneDelegate.swift in Sources */,
				4051B55A2451BE0500DB2658 /* ExploreView.swift in Sources */,
				40EF4A462461563D0072752B /* PagerView.swift in Sources */,
				408705B1249CFDA60065B33A /* UserDetailsViewer.swift in Sources */,
				408705B524A10C8C0065B33A /* ExploreGroupView.swift in Sources */,
				405F2BAE244E2AC0002E44CF /* ButtonBarView.swift in Sources */,
				404558D0244475F900CF12CD /* ContentView.swift in Sources */,
				407193DA248A6F9200296C83 /* GlobalConstants.swift in Sources */,
				404558F42444DFB900CF12CD /* CircleImage.swift in Sources */,
				405F2BAA24484B09002E44CF /* Extensions.swift in Sources */,
				4051B55E2452687800DB2658 /* ActivityType.swift in Sources */,
				407193EA2490DEF300296C83 /* SuccessView.swift in Sources */,
				408705A9249A10A10065B33A /* GroupDataContainer.swift in Sources */,
				4013AA47245869A300890DD6 /* ExplorePersonGroupToggle.swift in Sources */,
				407193DE2490BBD500296C83 /* LoadingView.swift in Sources */,
				404559022445090700CF12CD /* MapView.swift in Sources */,
				408705B3249F85FD0065B33A /* ExploreCreateNewGroupView.swift in Sources */,
				407193E82490DE7600296C83 /* LottieView.swift in Sources */,
				404558EA24447E7C00CF12CD /* Profile.swift in Sources */,
				404558E4244477BB00CF12CD /* Data.swift in Sources */,
			);
			runOnlyForDeploymentPostprocessing = 0;
		};
/* End PBXSourcesBuildPhase section */

/* Begin PBXVariantGroup section */
		404558D6244475FB00CF12CD /* LaunchScreen.storyboard */ = {
			isa = PBXVariantGroup;
			children = (
				404558D7244475FB00CF12CD /* Base */,
			);
			name = LaunchScreen.storyboard;
			sourceTree = "<group>";
		};
/* End PBXVariantGroup section */

/* Begin XCBuildConfiguration section */
		404558DA244475FB00CF12CD /* Debug */ = {
			isa = XCBuildConfiguration;
			buildSettings = {
				ALWAYS_SEARCH_USER_PATHS = NO;
				CLANG_ANALYZER_NONNULL = YES;
				CLANG_ANALYZER_NUMBER_OBJECT_CONVERSION = YES_AGGRESSIVE;
				CLANG_CXX_LANGUAGE_STANDARD = "gnu++14";
				CLANG_CXX_LIBRARY = "libc++";
				CLANG_ENABLE_MODULES = YES;
				CLANG_ENABLE_OBJC_ARC = YES;
				CLANG_ENABLE_OBJC_WEAK = YES;
				CLANG_WARN_BLOCK_CAPTURE_AUTORELEASING = YES;
				CLANG_WARN_BOOL_CONVERSION = YES;
				CLANG_WARN_COMMA = YES;
				CLANG_WARN_CONSTANT_CONVERSION = YES;
				CLANG_WARN_DEPRECATED_OBJC_IMPLEMENTATIONS = YES;
				CLANG_WARN_DIRECT_OBJC_ISA_USAGE = YES_ERROR;
				CLANG_WARN_DOCUMENTATION_COMMENTS = YES;
				CLANG_WARN_EMPTY_BODY = YES;
				CLANG_WARN_ENUM_CONVERSION = YES;
				CLANG_WARN_INFINITE_RECURSION = YES;
				CLANG_WARN_INT_CONVERSION = YES;
				CLANG_WARN_NON_LITERAL_NULL_CONVERSION = YES;
				CLANG_WARN_OBJC_IMPLICIT_RETAIN_SELF = YES;
				CLANG_WARN_OBJC_LITERAL_CONVERSION = YES;
				CLANG_WARN_OBJC_ROOT_CLASS = YES_ERROR;
				CLANG_WARN_RANGE_LOOP_ANALYSIS = YES;
				CLANG_WARN_STRICT_PROTOTYPES = YES;
				CLANG_WARN_SUSPICIOUS_MOVE = YES;
				CLANG_WARN_UNGUARDED_AVAILABILITY = YES_AGGRESSIVE;
				CLANG_WARN_UNREACHABLE_CODE = YES;
				CLANG_WARN__DUPLICATE_METHOD_MATCH = YES;
				COPY_PHASE_STRIP = NO;
				DEBUG_INFORMATION_FORMAT = dwarf;
				ENABLE_STRICT_OBJC_MSGSEND = YES;
				ENABLE_TESTABILITY = YES;
				GCC_C_LANGUAGE_STANDARD = gnu11;
				GCC_DYNAMIC_NO_PIC = NO;
				GCC_NO_COMMON_BLOCKS = YES;
				GCC_OPTIMIZATION_LEVEL = 0;
				GCC_PREPROCESSOR_DEFINITIONS = (
					"DEBUG=1",
					"$(inherited)",
				);
				GCC_WARN_64_TO_32_BIT_CONVERSION = YES;
				GCC_WARN_ABOUT_RETURN_TYPE = YES_ERROR;
				GCC_WARN_UNDECLARED_SELECTOR = YES;
				GCC_WARN_UNINITIALIZED_AUTOS = YES_AGGRESSIVE;
				GCC_WARN_UNUSED_FUNCTION = YES;
				GCC_WARN_UNUSED_VARIABLE = YES;
				IPHONEOS_DEPLOYMENT_TARGET = 13.4;
				MTL_ENABLE_DEBUG_INFO = INCLUDE_SOURCE;
				MTL_FAST_MATH = YES;
				ONLY_ACTIVE_ARCH = YES;
				SDKROOT = iphoneos;
				SWIFT_ACTIVE_COMPILATION_CONDITIONS = DEBUG;
				SWIFT_OPTIMIZATION_LEVEL = "-Onone";
			};
			name = Debug;
		};
		404558DB244475FB00CF12CD /* Release */ = {
			isa = XCBuildConfiguration;
			buildSettings = {
				ALWAYS_SEARCH_USER_PATHS = NO;
				CLANG_ANALYZER_NONNULL = YES;
				CLANG_ANALYZER_NUMBER_OBJECT_CONVERSION = YES_AGGRESSIVE;
				CLANG_CXX_LANGUAGE_STANDARD = "gnu++14";
				CLANG_CXX_LIBRARY = "libc++";
				CLANG_ENABLE_MODULES = YES;
				CLANG_ENABLE_OBJC_ARC = YES;
				CLANG_ENABLE_OBJC_WEAK = YES;
				CLANG_WARN_BLOCK_CAPTURE_AUTORELEASING = YES;
				CLANG_WARN_BOOL_CONVERSION = YES;
				CLANG_WARN_COMMA = YES;
				CLANG_WARN_CONSTANT_CONVERSION = YES;
				CLANG_WARN_DEPRECATED_OBJC_IMPLEMENTATIONS = YES;
				CLANG_WARN_DIRECT_OBJC_ISA_USAGE = YES_ERROR;
				CLANG_WARN_DOCUMENTATION_COMMENTS = YES;
				CLANG_WARN_EMPTY_BODY = YES;
				CLANG_WARN_ENUM_CONVERSION = YES;
				CLANG_WARN_INFINITE_RECURSION = YES;
				CLANG_WARN_INT_CONVERSION = YES;
				CLANG_WARN_NON_LITERAL_NULL_CONVERSION = YES;
				CLANG_WARN_OBJC_IMPLICIT_RETAIN_SELF = YES;
				CLANG_WARN_OBJC_LITERAL_CONVERSION = YES;
				CLANG_WARN_OBJC_ROOT_CLASS = YES_ERROR;
				CLANG_WARN_RANGE_LOOP_ANALYSIS = YES;
				CLANG_WARN_STRICT_PROTOTYPES = YES;
				CLANG_WARN_SUSPICIOUS_MOVE = YES;
				CLANG_WARN_UNGUARDED_AVAILABILITY = YES_AGGRESSIVE;
				CLANG_WARN_UNREACHABLE_CODE = YES;
				CLANG_WARN__DUPLICATE_METHOD_MATCH = YES;
				COPY_PHASE_STRIP = NO;
				DEBUG_INFORMATION_FORMAT = "dwarf-with-dsym";
				ENABLE_NS_ASSERTIONS = NO;
				ENABLE_STRICT_OBJC_MSGSEND = YES;
				GCC_C_LANGUAGE_STANDARD = gnu11;
				GCC_NO_COMMON_BLOCKS = YES;
				GCC_WARN_64_TO_32_BIT_CONVERSION = YES;
				GCC_WARN_ABOUT_RETURN_TYPE = YES_ERROR;
				GCC_WARN_UNDECLARED_SELECTOR = YES;
				GCC_WARN_UNINITIALIZED_AUTOS = YES_AGGRESSIVE;
				GCC_WARN_UNUSED_FUNCTION = YES;
				GCC_WARN_UNUSED_VARIABLE = YES;
				IPHONEOS_DEPLOYMENT_TARGET = 13.4;
				MTL_ENABLE_DEBUG_INFO = NO;
				MTL_FAST_MATH = YES;
				SDKROOT = iphoneos;
				SWIFT_COMPILATION_MODE = wholemodule;
				SWIFT_OPTIMIZATION_LEVEL = "-O";
				VALIDATE_PRODUCT = YES;
			};
			name = Release;
		};
		404558DD244475FB00CF12CD /* Debug */ = {
			isa = XCBuildConfiguration;
			baseConfigurationReference = 623159FD19D20559FA45FAF3 /* Pods-twentyfour.debug.xcconfig */;
			buildSettings = {
				ASSETCATALOG_COMPILER_APPICON_NAME = AppIcon;
				CODE_SIGN_STYLE = Automatic;
				DEVELOPMENT_ASSET_PATHS = "\"twentyfour/Preview Content\"";
				DEVELOPMENT_TEAM = 67XV55K2JH;
				ENABLE_PREVIEWS = YES;
				INFOPLIST_FILE = twentyfour/Info.plist;
				IPHONEOS_DEPLOYMENT_TARGET = 13.4;
				LD_RUNPATH_SEARCH_PATHS = (
					"$(inherited)",
					"@executable_path/Frameworks",
				);
				PRODUCT_BUNDLE_IDENTIFIER = com.sebastianfox.twentyfour;
				PRODUCT_NAME = "$(TARGET_NAME)";
				SUPPORTED_PLATFORMS = "iphonesimulator iphoneos";
				SWIFT_VERSION = 5.0;
				TARGETED_DEVICE_FAMILY = "1,2";
			};
			name = Debug;
		};
		404558DE244475FB00CF12CD /* Release */ = {
			isa = XCBuildConfiguration;
			baseConfigurationReference = 1EF491E7C38552EE83EFE752 /* Pods-twentyfour.release.xcconfig */;
			buildSettings = {
				ASSETCATALOG_COMPILER_APPICON_NAME = AppIcon;
				CODE_SIGN_STYLE = Automatic;
				DEVELOPMENT_ASSET_PATHS = "\"twentyfour/Preview Content\"";
				DEVELOPMENT_TEAM = 67XV55K2JH;
				ENABLE_PREVIEWS = YES;
				INFOPLIST_FILE = twentyfour/Info.plist;
				IPHONEOS_DEPLOYMENT_TARGET = 13.4;
				LD_RUNPATH_SEARCH_PATHS = (
					"$(inherited)",
					"@executable_path/Frameworks",
				);
				PRODUCT_BUNDLE_IDENTIFIER = com.sebastianfox.twentyfour;
				PRODUCT_NAME = "$(TARGET_NAME)";
				SUPPORTED_PLATFORMS = "iphonesimulator iphoneos";
				SWIFT_VERSION = 5.0;
				TARGETED_DEVICE_FAMILY = "1,2";
			};
			name = Release;
		};
/* End XCBuildConfiguration section */

/* Begin XCConfigurationList section */
		404558C3244475F900CF12CD /* Build configuration list for PBXProject "twentyfour" */ = {
			isa = XCConfigurationList;
			buildConfigurations = (
				404558DA244475FB00CF12CD /* Debug */,
				404558DB244475FB00CF12CD /* Release */,
			);
			defaultConfigurationIsVisible = 0;
			defaultConfigurationName = Release;
		};
		404558DC244475FB00CF12CD /* Build configuration list for PBXNativeTarget "twentyfour" */ = {
			isa = XCConfigurationList;
			buildConfigurations = (
				404558DD244475FB00CF12CD /* Debug */,
				404558DE244475FB00CF12CD /* Release */,
			);
			defaultConfigurationIsVisible = 0;
			defaultConfigurationName = Release;
		};
/* End XCConfigurationList section */
	};
	rootObject = 404558C0244475F900CF12CD /* Project object */;
}
