// !$*UTF8*$!
{
	archiveVersion = 1;
	classes = {
	};
	objectVersion = 51;
	objects = {

/* Begin PBXBuildFile section */
		400F104C244F190E009C7598 /* carolina.png in Resources */ = {isa = PBXBuildFile; fileRef = 400F104B244F190E009C7598 /* carolina.png */; };
		400F104E244F1B4F009C7598 /* mira.png in Resources */ = {isa = PBXBuildFile; fileRef = 400F104D244F1B4F009C7598 /* mira.png */; };
		40174905244714890058532B /* basti.jpg in Resources */ = {isa = PBXBuildFile; fileRef = 40174904244714880058532B /* basti.jpg */; };
		404558CC244475F900CF12CD /* AppDelegate.swift in Sources */ = {isa = PBXBuildFile; fileRef = 404558CB244475F900CF12CD /* AppDelegate.swift */; };
		404558CE244475F900CF12CD /* SceneDelegate.swift in Sources */ = {isa = PBXBuildFile; fileRef = 404558CD244475F900CF12CD /* SceneDelegate.swift */; };
		404558D0244475F900CF12CD /* Home.swift in Sources */ = {isa = PBXBuildFile; fileRef = 404558CF244475F900CF12CD /* Home.swift */; };
		404558D2244475FB00CF12CD /* Assets.xcassets in Resources */ = {isa = PBXBuildFile; fileRef = 404558D1244475FB00CF12CD /* Assets.xcassets */; };
		404558D5244475FB00CF12CD /* Preview Assets.xcassets in Resources */ = {isa = PBXBuildFile; fileRef = 404558D4244475FB00CF12CD /* Preview Assets.xcassets */; };
		404558D8244475FB00CF12CD /* LaunchScreen.storyboard in Resources */ = {isa = PBXBuildFile; fileRef = 404558D6244475FB00CF12CD /* LaunchScreen.storyboard */; };
		404558E4244477BB00CF12CD /* Data.swift in Sources */ = {isa = PBXBuildFile; fileRef = 404558E3244477BB00CF12CD /* Data.swift */; };
		404558E824447E6F00CF12CD /* Profile.swift in Sources */ = {isa = PBXBuildFile; fileRef = 404558E724447E6F00CF12CD /* Profile.swift */; };
		404558EA24447E7C00CF12CD /* AppUser.swift in Sources */ = {isa = PBXBuildFile; fileRef = 404558E924447E7C00CF12CD /* AppUser.swift */; };
		404558F02444A35E00CF12CD /* appUser.json in Resources */ = {isa = PBXBuildFile; fileRef = 404558EF2444A35D00CF12CD /* appUser.json */; };
		404558F22444BFD700CF12CD /* AppUserDetail.swift in Sources */ = {isa = PBXBuildFile; fileRef = 404558F12444BFD700CF12CD /* AppUserDetail.swift */; };
		404558F42444DFB900CF12CD /* CircleImage.swift in Sources */ = {isa = PBXBuildFile; fileRef = 404558F32444DFB900CF12CD /* CircleImage.swift */; };
		404558F92444E42000CF12CD /* katha.jpg in Resources */ = {isa = PBXBuildFile; fileRef = 404558F52444E41F00CF12CD /* katha.jpg */; };
		404558FA2444E42000CF12CD /* mira.jpg in Resources */ = {isa = PBXBuildFile; fileRef = 404558F62444E41F00CF12CD /* mira.jpg */; };
		404558FB2444E42000CF12CD /* carolina.jpg in Resources */ = {isa = PBXBuildFile; fileRef = 404558F72444E41F00CF12CD /* carolina.jpg */; };
		404558FE244507D100CF12CD /* basti.png in Resources */ = {isa = PBXBuildFile; fileRef = 404558FD244507D100CF12CD /* basti.png */; };
		40455900244507E500CF12CD /* katha.png in Resources */ = {isa = PBXBuildFile; fileRef = 404558FF244507E500CF12CD /* katha.png */; };
		404559022445090700CF12CD /* MapView.swift in Sources */ = {isa = PBXBuildFile; fileRef = 404559012445090700CF12CD /* MapView.swift */; };
		4045590424450BE300CF12CD /* HomeAppUserRow.swift in Sources */ = {isa = PBXBuildFile; fileRef = 4045590324450BE300CF12CD /* HomeAppUserRow.swift */; };
		404559062445F9D400CF12CD /* AppUserImage.swift in Sources */ = {isa = PBXBuildFile; fileRef = 404559052445F9D400CF12CD /* AppUserImage.swift */; };
		4045590824460C8800CF12CD /* HomeGroupRow.swift in Sources */ = {isa = PBXBuildFile; fileRef = 4045590724460C8800CF12CD /* HomeGroupRow.swift */; };
		4045590A2446112800CF12CD /* ActivityDescriptionView.swift in Sources */ = {isa = PBXBuildFile; fileRef = 404559092446112800CF12CD /* ActivityDescriptionView.swift */; };
		4051B55824519E3400DB2658 /* SearchButtonView.swift in Sources */ = {isa = PBXBuildFile; fileRef = 4051B55724519E3400DB2658 /* SearchButtonView.swift */; };
		4051B55A2451BE0500DB2658 /* ExploreView.swift in Sources */ = {isa = PBXBuildFile; fileRef = 4051B5592451BE0500DB2658 /* ExploreView.swift */; };
		4051B55C2452550D00DB2658 /* UserData.swift in Sources */ = {isa = PBXBuildFile; fileRef = 4051B55B2452550D00DB2658 /* UserData.swift */; };
		4051B55E2452687800DB2658 /* ActivityType.swift in Sources */ = {isa = PBXBuildFile; fileRef = 4051B55D2452687800DB2658 /* ActivityType.swift */; };
		4051B5602453A2FA00DB2658 /* ExploreUserView.swift in Sources */ = {isa = PBXBuildFile; fileRef = 4051B55F2453A2F900DB2658 /* ExploreUserView.swift */; };
		405F2BAA24484B09002E44CF /* Extensions.swift in Sources */ = {isa = PBXBuildFile; fileRef = 405F2BA924484B09002E44CF /* Extensions.swift */; };
		405F2BAC24484B56002E44CF /* HelperStructs.swift in Sources */ = {isa = PBXBuildFile; fileRef = 405F2BAB24484B56002E44CF /* HelperStructs.swift */; };
		405F2BAE244E2AC0002E44CF /* ButtonBarView.swift in Sources */ = {isa = PBXBuildFile; fileRef = 405F2BAD244E2AC0002E44CF /* ButtonBarView.swift */; };
		40B14D352455BC460027B242 /* GoogleService-Info.plist in Resources */ = {isa = PBXBuildFile; fileRef = 40B14D342455BC460027B242 /* GoogleService-Info.plist */; };
		FA4B32CFDF863682875A8981 /* Pods_twentyfour.framework in Frameworks */ = {isa = PBXBuildFile; fileRef = 2F7DEEAD7D4A7784A646F7A9 /* Pods_twentyfour.framework */; };
/* End PBXBuildFile section */

/* Begin PBXFileReference section */
		1EF491E7C38552EE83EFE752 /* Pods-twentyfour.release.xcconfig */ = {isa = PBXFileReference; includeInIndex = 1; lastKnownFileType = text.xcconfig; name = "Pods-twentyfour.release.xcconfig"; path = "Target Support Files/Pods-twentyfour/Pods-twentyfour.release.xcconfig"; sourceTree = "<group>"; };
		2F7DEEAD7D4A7784A646F7A9 /* Pods_twentyfour.framework */ = {isa = PBXFileReference; explicitFileType = wrapper.framework; includeInIndex = 0; path = Pods_twentyfour.framework; sourceTree = BUILT_PRODUCTS_DIR; };
		400F104B244F190E009C7598 /* carolina.png */ = {isa = PBXFileReference; lastKnownFileType = image.png; path = carolina.png; sourceTree = "<group>"; };
		400F104D244F1B4F009C7598 /* mira.png */ = {isa = PBXFileReference; lastKnownFileType = image.png; name = mira.png; path = ../../../../Desktop/together_squares/mira.png; sourceTree = "<group>"; };
		40174904244714880058532B /* basti.jpg */ = {isa = PBXFileReference; lastKnownFileType = image.jpeg; name = basti.jpg; path = ../../../../Desktop/together_squares/basti.jpg; sourceTree = "<group>"; };
		404558C8244475F900CF12CD /* twentyfour.app */ = {isa = PBXFileReference; explicitFileType = wrapper.application; includeInIndex = 0; path = twentyfour.app; sourceTree = BUILT_PRODUCTS_DIR; };
		404558CB244475F900CF12CD /* AppDelegate.swift */ = {isa = PBXFileReference; lastKnownFileType = sourcecode.swift; path = AppDelegate.swift; sourceTree = "<group>"; };
		404558CD244475F900CF12CD /* SceneDelegate.swift */ = {isa = PBXFileReference; lastKnownFileType = sourcecode.swift; path = SceneDelegate.swift; sourceTree = "<group>"; };
		404558CF244475F900CF12CD /* Home.swift */ = {isa = PBXFileReference; lastKnownFileType = sourcecode.swift; path = Home.swift; sourceTree = "<group>"; };
		404558D1244475FB00CF12CD /* Assets.xcassets */ = {isa = PBXFileReference; lastKnownFileType = folder.assetcatalog; path = Assets.xcassets; sourceTree = "<group>"; };
		404558D4244475FB00CF12CD /* Preview Assets.xcassets */ = {isa = PBXFileReference; lastKnownFileType = folder.assetcatalog; path = "Preview Assets.xcassets"; sourceTree = "<group>"; };
		404558D7244475FB00CF12CD /* Base */ = {isa = PBXFileReference; lastKnownFileType = file.storyboard; name = Base; path = Base.lproj/LaunchScreen.storyboard; sourceTree = "<group>"; };
		404558D9244475FB00CF12CD /* Info.plist */ = {isa = PBXFileReference; lastKnownFileType = text.plist.xml; path = Info.plist; sourceTree = "<group>"; };
		404558E3244477BB00CF12CD /* Data.swift */ = {isa = PBXFileReference; lastKnownFileType = sourcecode.swift; path = Data.swift; sourceTree = "<group>"; };
		404558E724447E6F00CF12CD /* Profile.swift */ = {isa = PBXFileReference; lastKnownFileType = sourcecode.swift; path = Profile.swift; sourceTree = "<group>"; };
		404558E924447E7C00CF12CD /* AppUser.swift */ = {isa = PBXFileReference; lastKnownFileType = sourcecode.swift; path = AppUser.swift; sourceTree = "<group>"; };
		404558EF2444A35D00CF12CD /* appUser.json */ = {isa = PBXFileReference; lastKnownFileType = text.json; path = appUser.json; sourceTree = "<group>"; };
		404558F12444BFD700CF12CD /* AppUserDetail.swift */ = {isa = PBXFileReference; lastKnownFileType = sourcecode.swift; path = AppUserDetail.swift; sourceTree = "<group>"; };
		404558F32444DFB900CF12CD /* CircleImage.swift */ = {isa = PBXFileReference; lastKnownFileType = sourcecode.swift; path = CircleImage.swift; sourceTree = "<group>"; };
		404558F52444E41F00CF12CD /* katha.jpg */ = {isa = PBXFileReference; lastKnownFileType = image.jpeg; path = katha.jpg; sourceTree = "<group>"; };
		404558F62444E41F00CF12CD /* mira.jpg */ = {isa = PBXFileReference; lastKnownFileType = image.jpeg; path = mira.jpg; sourceTree = "<group>"; };
		404558F72444E41F00CF12CD /* carolina.jpg */ = {isa = PBXFileReference; lastKnownFileType = image.jpeg; path = carolina.jpg; sourceTree = "<group>"; };
		404558FD244507D100CF12CD /* basti.png */ = {isa = PBXFileReference; lastKnownFileType = image.png; path = basti.png; sourceTree = "<group>"; };
		404558FF244507E500CF12CD /* katha.png */ = {isa = PBXFileReference; lastKnownFileType = image.png; path = katha.png; sourceTree = "<group>"; };
		404559012445090700CF12CD /* MapView.swift */ = {isa = PBXFileReference; lastKnownFileType = sourcecode.swift; path = MapView.swift; sourceTree = "<group>"; };
		4045590324450BE300CF12CD /* HomeAppUserRow.swift */ = {isa = PBXFileReference; lastKnownFileType = sourcecode.swift; path = HomeAppUserRow.swift; sourceTree = "<group>"; };
		404559052445F9D400CF12CD /* AppUserImage.swift */ = {isa = PBXFileReference; lastKnownFileType = sourcecode.swift; path = AppUserImage.swift; sourceTree = "<group>"; };
		4045590724460C8800CF12CD /* HomeGroupRow.swift */ = {isa = PBXFileReference; lastKnownFileType = sourcecode.swift; path = HomeGroupRow.swift; sourceTree = "<group>"; };
		404559092446112800CF12CD /* ActivityDescriptionView.swift */ = {isa = PBXFileReference; lastKnownFileType = sourcecode.swift; path = ActivityDescriptionView.swift; sourceTree = "<group>"; };
		4051B55724519E3400DB2658 /* SearchButtonView.swift */ = {isa = PBXFileReference; lastKnownFileType = sourcecode.swift; path = SearchButtonView.swift; sourceTree = "<group>"; };
		4051B5592451BE0500DB2658 /* ExploreView.swift */ = {isa = PBXFileReference; lastKnownFileType = sourcecode.swift; path = ExploreView.swift; sourceTree = "<group>"; };
		4051B55B2452550D00DB2658 /* UserData.swift */ = {isa = PBXFileReference; lastKnownFileType = sourcecode.swift; path = UserData.swift; sourceTree = "<group>"; };
		4051B55D2452687800DB2658 /* ActivityType.swift */ = {isa = PBXFileReference; lastKnownFileType = sourcecode.swift; path = ActivityType.swift; sourceTree = "<group>"; };
		4051B55F2453A2F900DB2658 /* ExploreUserView.swift */ = {isa = PBXFileReference; lastKnownFileType = sourcecode.swift; path = ExploreUserView.swift; sourceTree = "<group>"; };
		405F2BA924484B09002E44CF /* Extensions.swift */ = {isa = PBXFileReference; lastKnownFileType = sourcecode.swift; path = Extensions.swift; sourceTree = "<group>"; };
		405F2BAB24484B56002E44CF /* HelperStructs.swift */ = {isa = PBXFileReference; lastKnownFileType = sourcecode.swift; path = HelperStructs.swift; sourceTree = "<group>"; };
		405F2BAD244E2AC0002E44CF /* ButtonBarView.swift */ = {isa = PBXFileReference; lastKnownFileType = sourcecode.swift; path = ButtonBarView.swift; sourceTree = "<group>"; };
		40B14D342455BC460027B242 /* GoogleService-Info.plist */ = {isa = PBXFileReference; fileEncoding = 4; lastKnownFileType = text.plist.xml; path = "GoogleService-Info.plist"; sourceTree = "<group>"; };
		623159FD19D20559FA45FAF3 /* Pods-twentyfour.debug.xcconfig */ = {isa = PBXFileReference; includeInIndex = 1; lastKnownFileType = text.xcconfig; name = "Pods-twentyfour.debug.xcconfig"; path = "Target Support Files/Pods-twentyfour/Pods-twentyfour.debug.xcconfig"; sourceTree = "<group>"; };
/* End PBXFileReference section */

/* Begin PBXFrameworksBuildPhase section */
		404558C5244475F900CF12CD /* Frameworks */ = {
			isa = PBXFrameworksBuildPhase;
			buildActionMask = 2147483647;
			files = (
				FA4B32CFDF863682875A8981 /* Pods_twentyfour.framework in Frameworks */,
			);
			runOnlyForDeploymentPostprocessing = 0;
		};
/* End PBXFrameworksBuildPhase section */

/* Begin PBXGroup section */
		1EF7DD87235505010CC39610 /* Frameworks */ = {
			isa = PBXGroup;
			children = (
				2F7DEEAD7D4A7784A646F7A9 /* Pods_twentyfour.framework */,
			);
			name = Frameworks;
			sourceTree = "<group>";
		};
		404558BF244475F900CF12CD = {
			isa = PBXGroup;
			children = (
				404558CA244475F900CF12CD /* twentyfour */,
				404558C9244475F900CF12CD /* Products */,
				4D9657EC091D28A9B78A974C /* Pods */,
				1EF7DD87235505010CC39610 /* Frameworks */,
			);
			sourceTree = "<group>";
		};
		404558C9244475F900CF12CD /* Products */ = {
			isa = PBXGroup;
			children = (
				404558C8244475F900CF12CD /* twentyfour.app */,
			);
			name = Products;
			sourceTree = "<group>";
		};
		404558CA244475F900CF12CD /* twentyfour */ = {
			isa = PBXGroup;
			children = (
				404558CB244475F900CF12CD /* AppDelegate.swift */,
				404558CD244475F900CF12CD /* SceneDelegate.swift */,
				404558E0244476A600CF12CD /* Models */,
				404558DF2444769D00CF12CD /* Home Views */,
				404558E624447E3C00CF12CD /* Profile */,
				404558E1244476B000CF12CD /* Supporting Views */,
				404558E524447DA600CF12CD /* AppUser */,
				404558E2244476BB00CF12CD /* Resources */,
				404558D6244475FB00CF12CD /* LaunchScreen.storyboard */,
				404558D1244475FB00CF12CD /* Assets.xcassets */,
				404558D9244475FB00CF12CD /* Info.plist */,
				40B14D342455BC460027B242 /* GoogleService-Info.plist */,
				404558D3244475FB00CF12CD /* Preview Content */,
				405F2BA924484B09002E44CF /* Extensions.swift */,
				405F2BAB24484B56002E44CF /* HelperStructs.swift */,
			);
			path = twentyfour;
			sourceTree = "<group>";
		};
		404558D3244475FB00CF12CD /* Preview Content */ = {
			isa = PBXGroup;
			children = (
				404558D4244475FB00CF12CD /* Preview Assets.xcassets */,
			);
			path = "Preview Content";
			sourceTree = "<group>";
		};
		404558DF2444769D00CF12CD /* Home Views */ = {
			isa = PBXGroup;
			children = (
				404558CF244475F900CF12CD /* Home.swift */,
				4045590324450BE300CF12CD /* HomeAppUserRow.swift */,
				4045590724460C8800CF12CD /* HomeGroupRow.swift */,
				404559092446112800CF12CD /* ActivityDescriptionView.swift */,
				405F2BAD244E2AC0002E44CF /* ButtonBarView.swift */,
				4051B55724519E3400DB2658 /* SearchButtonView.swift */,
				4051B5592451BE0500DB2658 /* ExploreView.swift */,
				4051B55F2453A2F900DB2658 /* ExploreUserView.swift */,
			);
			path = "Home Views";
			sourceTree = "<group>";
		};
		404558E0244476A600CF12CD /* Models */ = {
			isa = PBXGroup;
			children = (
				404558E724447E6F00CF12CD /* Profile.swift */,
				404558E924447E7C00CF12CD /* AppUser.swift */,
				4051B55D2452687800DB2658 /* ActivityType.swift */,
				404558E3244477BB00CF12CD /* Data.swift */,
				4051B55B2452550D00DB2658 /* UserData.swift */,
			);
			path = Models;
			sourceTree = "<group>";
		};
		404558E1244476B000CF12CD /* Supporting Views */ = {
			isa = PBXGroup;
			children = (
				404558F32444DFB900CF12CD /* CircleImage.swift */,
				404559012445090700CF12CD /* MapView.swift */,
			);
			path = "Supporting Views";
			sourceTree = "<group>";
		};
		404558E2244476BB00CF12CD /* Resources */ = {
			isa = PBXGroup;
			children = (
				404558EF2444A35D00CF12CD /* appUser.json */,
				40174904244714880058532B /* basti.jpg */,
				404558FD244507D100CF12CD /* basti.png */,
				404558F72444E41F00CF12CD /* carolina.jpg */,
				400F104B244F190E009C7598 /* carolina.png */,
				404558FF244507E500CF12CD /* katha.png */,
				404558F52444E41F00CF12CD /* katha.jpg */,
				400F104D244F1B4F009C7598 /* mira.png */,
				404558F62444E41F00CF12CD /* mira.jpg */,
			);
			path = Resources;
			sourceTree = "<group>";
		};
		404558E524447DA600CF12CD /* AppUser */ = {
			isa = PBXGroup;
			children = (
				404558F12444BFD700CF12CD /* AppUserDetail.swift */,
				404559052445F9D400CF12CD /* AppUserImage.swift */,
			);
			path = AppUser;
			sourceTree = "<group>";
		};
		404558E624447E3C00CF12CD /* Profile */ = {
			isa = PBXGroup;
			children = (
			);
			path = Profile;
			sourceTree = "<group>";
		};
		4D9657EC091D28A9B78A974C /* Pods */ = {
			isa = PBXGroup;
			children = (
				623159FD19D20559FA45FAF3 /* Pods-twentyfour.debug.xcconfig */,
				1EF491E7C38552EE83EFE752 /* Pods-twentyfour.release.xcconfig */,
			);
			path = Pods;
			sourceTree = "<group>";
		};
/* End PBXGroup section */

/* Begin PBXNativeTarget section */
		404558C7244475F900CF12CD /* twentyfour */ = {
			isa = PBXNativeTarget;
			buildConfigurationList = 404558DC244475FB00CF12CD /* Build configuration list for PBXNativeTarget "twentyfour" */;
			buildPhases = (
				8436DB5B596AA094274B58D1 /* [CP] Check Pods Manifest.lock */,
				404558C4244475F900CF12CD /* Sources */,
				404558C5244475F900CF12CD /* Frameworks */,
				404558C6244475F900CF12CD /* Resources */,
				5E5F87EF0A2E73BBA22EE26B /* [CP] Embed Pods Frameworks */,
			);
			buildRules = (
			);
			dependencies = (
			);
			name = twentyfour;
			productName = twentyfour;
			productReference = 404558C8244475F900CF12CD /* twentyfour.app */;
			productType = "com.apple.product-type.application";
		};
/* End PBXNativeTarget section */

/* Begin PBXProject section */
		404558C0244475F900CF12CD /* Project object */ = {
			isa = PBXProject;
			attributes = {
				LastSwiftUpdateCheck = 1140;
				LastUpgradeCheck = 1140;
				ORGANIZATIONNAME = "Sebastian Fox";
				TargetAttributes = {
					404558C7244475F900CF12CD = {
						CreatedOnToolsVersion = 11.4;
					};
				};
			};
			buildConfigurationList = 404558C3244475F900CF12CD /* Build configuration list for PBXProject "twentyfour" */;
			compatibilityVersion = "Xcode 9.3";
			developmentRegion = en;
			hasScannedForEncodings = 0;
			knownRegions = (
				en,
				Base,
			);
			mainGroup = 404558BF244475F900CF12CD;
			productRefGroup = 404558C9244475F900CF12CD /* Products */;
			projectDirPath = "";
			projectRoot = "";
			targets = (
				404558C7244475F900CF12CD /* twentyfour */,
			);
		};
/* End PBXProject section */

/* Begin PBXResourcesBuildPhase section */
		404558C6244475F900CF12CD /* Resources */ = {
			isa = PBXResourcesBuildPhase;
			buildActionMask = 2147483647;
			files = (
				400F104C244F190E009C7598 /* carolina.png in Resources */,
				404558F02444A35E00CF12CD /* appUser.json in Resources */,
				404558F92444E42000CF12CD /* katha.jpg in Resources */,
				404558FA2444E42000CF12CD /* mira.jpg in Resources */,
				404558D8244475FB00CF12CD /* LaunchScreen.storyboard in Resources */,
				404558D5244475FB00CF12CD /* Preview Assets.xcassets in Resources */,
				404558FB2444E42000CF12CD /* carolina.jpg in Resources */,
				404558FE244507D100CF12CD /* basti.png in Resources */,
				400F104E244F1B4F009C7598 /* mira.png in Resources */,
				40B14D352455BC460027B242 /* GoogleService-Info.plist in Resources */,
				40455900244507E500CF12CD /* katha.png in Resources */,
				404558D2244475FB00CF12CD /* Assets.xcassets in Resources */,
				40174905244714890058532B /* basti.jpg in Resources */,
			);
			runOnlyForDeploymentPostprocessing = 0;
		};
/* End PBXResourcesBuildPhase section */

/* Begin PBXShellScriptBuildPhase section */
		5E5F87EF0A2E73BBA22EE26B /* [CP] Embed Pods Frameworks */ = {
			isa = PBXShellScriptBuildPhase;
			buildActionMask = 2147483647;
			files = (
			);
			inputFileListPaths = (
				"${PODS_ROOT}/Target Support Files/Pods-twentyfour/Pods-twentyfour-frameworks-${CONFIGURATION}-input-files.xcfilelist",
			);
			name = "[CP] Embed Pods Frameworks";
			outputFileListPaths = (
				"${PODS_ROOT}/Target Support Files/Pods-twentyfour/Pods-twentyfour-frameworks-${CONFIGURATION}-output-files.xcfilelist",
			);
			runOnlyForDeploymentPostprocessing = 0;
			shellPath = /bin/sh;
			shellScript = "\"${PODS_ROOT}/Target Support Files/Pods-twentyfour/Pods-twentyfour-frameworks.sh\"\n";
			showEnvVarsInLog = 0;
		};
		8436DB5B596AA094274B58D1 /* [CP] Check Pods Manifest.lock */ = {
			isa = PBXShellScriptBuildPhase;
			buildActionMask = 2147483647;
			files = (
			);
			inputFileListPaths = (
			);
			inputPaths = (
				"${PODS_PODFILE_DIR_PATH}/Podfile.lock",
				"${PODS_ROOT}/Manifest.lock",
			);
			name = "[CP] Check Pods Manifest.lock";
			outputFileListPaths = (
			);
			outputPaths = (
				"$(DERIVED_FILE_DIR)/Pods-twentyfour-checkManifestLockResult.txt",
			);
			runOnlyForDeploymentPostprocessing = 0;
			shellPath = /bin/sh;
			shellScript = "diff \"${PODS_PODFILE_DIR_PATH}/Podfile.lock\" \"${PODS_ROOT}/Manifest.lock\" > /dev/null\nif [ $? != 0 ] ; then\n    # print error to STDERR\n    echo \"error: The sandbox is not in sync with the Podfile.lock. Run 'pod install' or update your CocoaPods installation.\" >&2\n    exit 1\nfi\n# This output is used by Xcode 'outputs' to avoid re-running this script phase.\necho \"SUCCESS\" > \"${SCRIPT_OUTPUT_FILE_0}\"\n";
			showEnvVarsInLog = 0;
		};
/* End PBXShellScriptBuildPhase section */

/* Begin PBXSourcesBuildPhase section */
		404558C4244475F900CF12CD /* Sources */ = {
			isa = PBXSourcesBuildPhase;
			buildActionMask = 2147483647;
			files = (
				4045590824460C8800CF12CD /* HomeGroupRow.swift in Sources */,
				404559062445F9D400CF12CD /* AppUserImage.swift in Sources */,
				4045590A2446112800CF12CD /* ActivityDescriptionView.swift in Sources */,
				4051B55C2452550D00DB2658 /* UserData.swift in Sources */,
				404558CC244475F900CF12CD /* AppDelegate.swift in Sources */,
				4051B55824519E3400DB2658 /* SearchButtonView.swift in Sources */,
				404558F22444BFD700CF12CD /* AppUserDetail.swift in Sources */,
				404558E824447E6F00CF12CD /* Profile.swift in Sources */,
				405F2BAC24484B56002E44CF /* HelperStructs.swift in Sources */,
				4045590424450BE300CF12CD /* HomeAppUserRow.swift in Sources */,
				404558CE244475F900CF12CD /* SceneDelegate.swift in Sources */,
				4051B55A2451BE0500DB2658 /* ExploreView.swift in Sources */,
				405F2BAE244E2AC0002E44CF /* ButtonBarView.swift in Sources */,
				404558D0244475F900CF12CD /* Home.swift in Sources */,
				404558F42444DFB900CF12CD /* CircleImage.swift in Sources */,
				405F2BAA24484B09002E44CF /* Extensions.swift in Sources */,
				4051B55E2452687800DB2658 /* ActivityType.swift in Sources */,
				404559022445090700CF12CD /* MapView.swift in Sources */,
				404558EA24447E7C00CF12CD /* AppUser.swift in Sources */,
				4051B5602453A2FA00DB2658 /* ExploreUserView.swift in Sources */,
				404558E4244477BB00CF12CD /* Data.swift in Sources */,
			);
			runOnlyForDeploymentPostprocessing = 0;
		};
/* End PBXSourcesBuildPhase section */

/* Begin PBXVariantGroup section */
		404558D6244475FB00CF12CD /* LaunchScreen.storyboard */ = {
			isa = PBXVariantGroup;
			children = (
				404558D7244475FB00CF12CD /* Base */,
			);
			name = LaunchScreen.storyboard;
			sourceTree = "<group>";
		};
/* End PBXVariantGroup section */

/* Begin XCBuildConfiguration section */
		404558DA244475FB00CF12CD /* Debug */ = {
			isa = XCBuildConfiguration;
			buildSettings = {
				ALWAYS_SEARCH_USER_PATHS = NO;
				CLANG_ANALYZER_NONNULL = YES;
				CLANG_ANALYZER_NUMBER_OBJECT_CONVERSION = YES_AGGRESSIVE;
				CLANG_CXX_LANGUAGE_STANDARD = "gnu++14";
				CLANG_CXX_LIBRARY = "libc++";
				CLANG_ENABLE_MODULES = YES;
				CLANG_ENABLE_OBJC_ARC = YES;
				CLANG_ENABLE_OBJC_WEAK = YES;
				CLANG_WARN_BLOCK_CAPTURE_AUTORELEASING = YES;
				CLANG_WARN_BOOL_CONVERSION = YES;
				CLANG_WARN_COMMA = YES;
				CLANG_WARN_CONSTANT_CONVERSION = YES;
				CLANG_WARN_DEPRECATED_OBJC_IMPLEMENTATIONS = YES;
				CLANG_WARN_DIRECT_OBJC_ISA_USAGE = YES_ERROR;
				CLANG_WARN_DOCUMENTATION_COMMENTS = YES;
				CLANG_WARN_EMPTY_BODY = YES;
				CLANG_WARN_ENUM_CONVERSION = YES;
				CLANG_WARN_INFINITE_RECURSION = YES;
				CLANG_WARN_INT_CONVERSION = YES;
				CLANG_WARN_NON_LITERAL_NULL_CONVERSION = YES;
				CLANG_WARN_OBJC_IMPLICIT_RETAIN_SELF = YES;
				CLANG_WARN_OBJC_LITERAL_CONVERSION = YES;
				CLANG_WARN_OBJC_ROOT_CLASS = YES_ERROR;
				CLANG_WARN_RANGE_LOOP_ANALYSIS = YES;
				CLANG_WARN_STRICT_PROTOTYPES = YES;
				CLANG_WARN_SUSPICIOUS_MOVE = YES;
				CLANG_WARN_UNGUARDED_AVAILABILITY = YES_AGGRESSIVE;
				CLANG_WARN_UNREACHABLE_CODE = YES;
				CLANG_WARN__DUPLICATE_METHOD_MATCH = YES;
				COPY_PHASE_STRIP = NO;
				DEBUG_INFORMATION_FORMAT = dwarf;
				ENABLE_STRICT_OBJC_MSGSEND = YES;
				ENABLE_TESTABILITY = YES;
				GCC_C_LANGUAGE_STANDARD = gnu11;
				GCC_DYNAMIC_NO_PIC = NO;
				GCC_NO_COMMON_BLOCKS = YES;
				GCC_OPTIMIZATION_LEVEL = 0;
				GCC_PREPROCESSOR_DEFINITIONS = (
					"DEBUG=1",
					"$(inherited)",
				);
				GCC_WARN_64_TO_32_BIT_CONVERSION = YES;
				GCC_WARN_ABOUT_RETURN_TYPE = YES_ERROR;
				GCC_WARN_UNDECLARED_SELECTOR = YES;
				GCC_WARN_UNINITIALIZED_AUTOS = YES_AGGRESSIVE;
				GCC_WARN_UNUSED_FUNCTION = YES;
				GCC_WARN_UNUSED_VARIABLE = YES;
				IPHONEOS_DEPLOYMENT_TARGET = 13.4;
				MTL_ENABLE_DEBUG_INFO = INCLUDE_SOURCE;
				MTL_FAST_MATH = YES;
				ONLY_ACTIVE_ARCH = YES;
				SDKROOT = iphoneos;
				SWIFT_ACTIVE_COMPILATION_CONDITIONS = DEBUG;
				SWIFT_OPTIMIZATION_LEVEL = "-Onone";
			};
			name = Debug;
		};
		404558DB244475FB00CF12CD /* Release */ = {
			isa = XCBuildConfiguration;
			buildSettings = {
				ALWAYS_SEARCH_USER_PATHS = NO;
				CLANG_ANALYZER_NONNULL = YES;
				CLANG_ANALYZER_NUMBER_OBJECT_CONVERSION = YES_AGGRESSIVE;
				CLANG_CXX_LANGUAGE_STANDARD = "gnu++14";
				CLANG_CXX_LIBRARY = "libc++";
				CLANG_ENABLE_MODULES = YES;
				CLANG_ENABLE_OBJC_ARC = YES;
				CLANG_ENABLE_OBJC_WEAK = YES;
				CLANG_WARN_BLOCK_CAPTURE_AUTORELEASING = YES;
				CLANG_WARN_BOOL_CONVERSION = YES;
				CLANG_WARN_COMMA = YES;
				CLANG_WARN_CONSTANT_CONVERSION = YES;
				CLANG_WARN_DEPRECATED_OBJC_IMPLEMENTATIONS = YES;
				CLANG_WARN_DIRECT_OBJC_ISA_USAGE = YES_ERROR;
				CLANG_WARN_DOCUMENTATION_COMMENTS = YES;
				CLANG_WARN_EMPTY_BODY = YES;
				CLANG_WARN_ENUM_CONVERSION = YES;
				CLANG_WARN_INFINITE_RECURSION = YES;
				CLANG_WARN_INT_CONVERSION = YES;
				CLANG_WARN_NON_LITERAL_NULL_CONVERSION = YES;
				CLANG_WARN_OBJC_IMPLICIT_RETAIN_SELF = YES;
				CLANG_WARN_OBJC_LITERAL_CONVERSION = YES;
				CLANG_WARN_OBJC_ROOT_CLASS = YES_ERROR;
				CLANG_WARN_RANGE_LOOP_ANALYSIS = YES;
				CLANG_WARN_STRICT_PROTOTYPES = YES;
				CLANG_WARN_SUSPICIOUS_MOVE = YES;
				CLANG_WARN_UNGUARDED_AVAILABILITY = YES_AGGRESSIVE;
				CLANG_WARN_UNREACHABLE_CODE = YES;
				CLANG_WARN__DUPLICATE_METHOD_MATCH = YES;
				COPY_PHASE_STRIP = NO;
				DEBUG_INFORMATION_FORMAT = "dwarf-with-dsym";
				ENABLE_NS_ASSERTIONS = NO;
				ENABLE_STRICT_OBJC_MSGSEND = YES;
				GCC_C_LANGUAGE_STANDARD = gnu11;
				GCC_NO_COMMON_BLOCKS = YES;
				GCC_WARN_64_TO_32_BIT_CONVERSION = YES;
				GCC_WARN_ABOUT_RETURN_TYPE = YES_ERROR;
				GCC_WARN_UNDECLARED_SELECTOR = YES;
				GCC_WARN_UNINITIALIZED_AUTOS = YES_AGGRESSIVE;
				GCC_WARN_UNUSED_FUNCTION = YES;
				GCC_WARN_UNUSED_VARIABLE = YES;
				IPHONEOS_DEPLOYMENT_TARGET = 13.4;
				MTL_ENABLE_DEBUG_INFO = NO;
				MTL_FAST_MATH = YES;
				SDKROOT = iphoneos;
				SWIFT_COMPILATION_MODE = wholemodule;
				SWIFT_OPTIMIZATION_LEVEL = "-O";
				VALIDATE_PRODUCT = YES;
			};
			name = Release;
		};
		404558DD244475FB00CF12CD /* Debug */ = {
			isa = XCBuildConfiguration;
			baseConfigurationReference = 623159FD19D20559FA45FAF3 /* Pods-twentyfour.debug.xcconfig */;
			buildSettings = {
				ASSETCATALOG_COMPILER_APPICON_NAME = AppIcon;
				CODE_SIGN_STYLE = Automatic;
				DEVELOPMENT_ASSET_PATHS = "\"twentyfour/Preview Content\"";
				DEVELOPMENT_TEAM = 67XV55K2JH;
				ENABLE_PREVIEWS = YES;
				INFOPLIST_FILE = twentyfour/Info.plist;
				IPHONEOS_DEPLOYMENT_TARGET = 13.3;
				LD_RUNPATH_SEARCH_PATHS = (
					"$(inherited)",
					"@executable_path/Frameworks",
				);
				PRODUCT_BUNDLE_IDENTIFIER = com.sebastianfox.twentyfour;
				PRODUCT_NAME = "$(TARGET_NAME)";
				SWIFT_VERSION = 5.0;
				TARGETED_DEVICE_FAMILY = "1,2";
			};
			name = Debug;
		};
		404558DE244475FB00CF12CD /* Release */ = {
			isa = XCBuildConfiguration;
			baseConfigurationReference = 1EF491E7C38552EE83EFE752 /* Pods-twentyfour.release.xcconfig */;
			buildSettings = {
				ASSETCATALOG_COMPILER_APPICON_NAME = AppIcon;
				CODE_SIGN_STYLE = Automatic;
				DEVELOPMENT_ASSET_PATHS = "\"twentyfour/Preview Content\"";
				DEVELOPMENT_TEAM = 67XV55K2JH;
				ENABLE_PREVIEWS = YES;
				INFOPLIST_FILE = twentyfour/Info.plist;
				IPHONEOS_DEPLOYMENT_TARGET = 13.3;
				LD_RUNPATH_SEARCH_PATHS = (
					"$(inherited)",
					"@executable_path/Frameworks",
				);
				PRODUCT_BUNDLE_IDENTIFIER = com.sebastianfox.twentyfour;
				PRODUCT_NAME = "$(TARGET_NAME)";
				SWIFT_VERSION = 5.0;
				TARGETED_DEVICE_FAMILY = "1,2";
			};
			name = Release;
		};
/* End XCBuildConfiguration section */

/* Begin XCConfigurationList section */
		404558C3244475F900CF12CD /* Build configuration list for PBXProject "twentyfour" */ = {
			isa = XCConfigurationList;
			buildConfigurations = (
				404558DA244475FB00CF12CD /* Debug */,
				404558DB244475FB00CF12CD /* Release */,
			);
			defaultConfigurationIsVisible = 0;
			defaultConfigurationName = Release;
		};
		404558DC244475FB00CF12CD /* Build configuration list for PBXNativeTarget "twentyfour" */ = {
			isa = XCConfigurationList;
			buildConfigurations = (
				404558DD244475FB00CF12CD /* Debug */,
				404558DE244475FB00CF12CD /* Release */,
			);
			defaultConfigurationIsVisible = 0;
			defaultConfigurationName = Release;
		};
/* End XCConfigurationList section */
	};
	rootObject = 404558C0244475F900CF12CD /* Project object */;
}
